
Microsoft Visual Studio Solution File, Format Version 12.00
# Visual Studio Version 17
VisualStudioVersion = 17.14.36221.1
MinimumVisualStudioVersion = 10.0.40219.1
Project("{FAE04EC0-301F-11D3-BF4B-00C04F79EFBC}") = "Sh8lny.Web", "Sh8lny.Web\Sh8lny.Web.csproj", "{B30C36C9-BF21-4C76-BE5A-648CEC55A725}"
EndProject
Project("{2150E333-8FDC-42A3-9474-1A3956D46DE8}") = "Core", "Core", "{02EA681E-C7D8-13C7-8484-4AC65E1B71E8}"
EndProject
Project("{2150E333-8FDC-42A3-9474-1A3956D46DE8}") = "Infrastructure", "Infrastructure", "{9C98DDA5-6A33-47DA-B6FD-9379F3FB8284}"
EndProject
Project("{FAE04EC0-301F-11D3-BF4B-00C04F79EFBC}") = "Sh8lny.Domain", "Core\Sh8lny.Domain\Sh8lny.Domain.csproj", "{FB3E771B-B2B7-4A0B-93F7-2176CCB2B9D6}"
EndProject
Project("{FAE04EC0-301F-11D3-BF4B-00C04F79EFBC}") = "Sh8lny.Persistence", "Infrastructure\Sh8lny.Persistence\Sh8lny.Persistence.csproj", "{D54B7719-54F3-4965-9067-CE3D65747B57}"
EndProject
Project("{FAE04EC0-301F-11D3-BF4B-00C04F79EFBC}") = "Sh8lny.Shared", "Sh8lny.Shared\Sh8lny.Shared.csproj", "{91177C6B-C6CD-443C-A795-DF7D4559A849}"
EndProject
Project("{FAE04EC0-301F-11D3-BF4B-00C04F79EFBC}") = "Sh8lny.Application", "Core\Sh8lny.Application\Sh8lny.Application.csproj", "{7DB003F3-339F-4188-8D4C-9CD7BD318279}"
EndProject
Project("{2150E333-8FDC-42A3-9474-1A3956D46DE8}") = "Tests", "Tests", "{0AB3BF05-4346-4AA6-1389-037BE0695223}"
EndProject
Project("{FAE04EC0-301F-11D3-BF4B-00C04F79EFBC}") = "Sh8lny.IntegrationTests", "Tests\Sh8lny.IntegrationTests\Sh8lny.IntegrationTests.csproj", "{90416FF0-8057-4387-85BA-5703C4EF5300}"
EndProject
Global
	GlobalSection(SolutionConfigurationPlatforms) = preSolution
		Debug|Any CPU = Debug|Any CPU
		Debug|x64 = Debug|x64
		Debug|x86 = Debug|x86
		Release|Any CPU = Release|Any CPU
		Release|x64 = Release|x64
		Release|x86 = Release|x86
	EndGlobalSection
	GlobalSection(ProjectConfigurationPlatforms) = postSolution
		{B30C36C9-BF21-4C76-BE5A-648CEC55A725}.Debug|Any CPU.ActiveCfg = Debug|Any CPU
		{B30C36C9-BF21-4C76-BE5A-648CEC55A725}.Debug|Any CPU.Build.0 = Debug|Any CPU
		{B30C36C9-BF21-4C76-BE5A-648CEC55A725}.Debug|x64.ActiveCfg = Debug|Any CPU
		{B30C36C9-BF21-4C76-BE5A-648CEC55A725}.Debug|x64.Build.0 = Debug|Any CPU
		{B30C36C9-BF21-4C76-BE5A-648CEC55A725}.Debug|x86.ActiveCfg = Debug|Any CPU
		{B30C36C9-BF21-4C76-BE5A-648CEC55A725}.Debug|x86.Build.0 = Debug|Any CPU
		{B30C36C9-BF21-4C76-BE5A-648CEC55A725}.Release|Any CPU.ActiveCfg = Release|Any CPU
		{B30C36C9-BF21-4C76-BE5A-648CEC55A725}.Release|Any CPU.Build.0 = Release|Any CPU
		{B30C36C9-BF21-4C76-BE5A-648CEC55A725}.Release|x64.ActiveCfg = Release|Any CPU
		{B30C36C9-BF21-4C76-BE5A-648CEC55A725}.Release|x64.Build.0 = Release|Any CPU
		{B30C36C9-BF21-4C76-BE5A-648CEC55A725}.Release|x86.ActiveCfg = Release|Any CPU
		{B30C36C9-BF21-4C76-BE5A-648CEC55A725}.Release|x86.Build.0 = Release|Any CPU
		{FB3E771B-B2B7-4A0B-93F7-2176CCB2B9D6}.Debug|Any CPU.ActiveCfg = Debug|Any CPU
		{FB3E771B-B2B7-4A0B-93F7-2176CCB2B9D6}.Debug|Any CPU.Build.0 = Debug|Any CPU
		{FB3E771B-B2B7-4A0B-93F7-2176CCB2B9D6}.Debug|x64.ActiveCfg = Debug|Any CPU
		{FB3E771B-B2B7-4A0B-93F7-2176CCB2B9D6}.Debug|x64.Build.0 = Debug|Any CPU
		{FB3E771B-B2B7-4A0B-93F7-2176CCB2B9D6}.Debug|x86.ActiveCfg = Debug|Any CPU
		{FB3E771B-B2B7-4A0B-93F7-2176CCB2B9D6}.Debug|x86.Build.0 = Debug|Any CPU
		{FB3E771B-B2B7-4A0B-93F7-2176CCB2B9D6}.Release|Any CPU.ActiveCfg = Release|Any CPU
		{FB3E771B-B2B7-4A0B-93F7-2176CCB2B9D6}.Release|Any CPU.Build.0 = Release|Any CPU
		{FB3E771B-B2B7-4A0B-93F7-2176CCB2B9D6}.Release|x64.ActiveCfg = Release|Any CPU
		{FB3E771B-B2B7-4A0B-93F7-2176CCB2B9D6}.Release|x64.Build.0 = Release|Any CPU
		{FB3E771B-B2B7-4A0B-93F7-2176CCB2B9D6}.Release|x86.ActiveCfg = Release|Any CPU
		{FB3E771B-B2B7-4A0B-93F7-2176CCB2B9D6}.Release|x86.Build.0 = Release|Any CPU
		{D54B7719-54F3-4965-9067-CE3D65747B57}.Debug|Any CPU.ActiveCfg = Debug|Any CPU
		{D54B7719-54F3-4965-9067-CE3D65747B57}.Debug|Any CPU.Build.0 = Debug|Any CPU
		{D54B7719-54F3-4965-9067-CE3D65747B57}.Debug|x64.ActiveCfg = Debug|Any CPU
		{D54B7719-54F3-4965-9067-CE3D65747B57}.Debug|x64.Build.0 = Debug|Any CPU
		{D54B7719-54F3-4965-9067-CE3D65747B57}.Debug|x86.ActiveCfg = Debug|Any CPU
		{D54B7719-54F3-4965-9067-CE3D65747B57}.Debug|x86.Build.0 = Debug|Any CPU
		{D54B7719-54F3-4965-9067-CE3D65747B57}.Release|Any CPU.ActiveCfg = Release|Any CPU
		{D54B7719-54F3-4965-9067-CE3D65747B57}.Release|Any CPU.Build.0 = Release|Any CPU
		{D54B7719-54F3-4965-9067-CE3D65747B57}.Release|x64.ActiveCfg = Release|Any CPU
		{D54B7719-54F3-4965-9067-CE3D65747B57}.Release|x64.Build.0 = Release|Any CPU
		{D54B7719-54F3-4965-9067-CE3D65747B57}.Release|x86.ActiveCfg = Release|Any CPU
		{D54B7719-54F3-4965-9067-CE3D65747B57}.Release|x86.Build.0 = Release|Any CPU
		{91177C6B-C6CD-443C-A795-DF7D4559A849}.Debug|Any CPU.ActiveCfg = Debug|Any CPU
		{91177C6B-C6CD-443C-A795-DF7D4559A849}.Debug|Any CPU.Build.0 = Debug|Any CPU
		{91177C6B-C6CD-443C-A795-DF7D4559A849}.Debug|x64.ActiveCfg = Debug|Any CPU
		{91177C6B-C6CD-443C-A795-DF7D4559A849}.Debug|x64.Build.0 = Debug|Any CPU
		{91177C6B-C6CD-443C-A795-DF7D4559A849}.Debug|x86.ActiveCfg = Debug|Any CPU
		{91177C6B-C6CD-443C-A795-DF7D4559A849}.Debug|x86.Build.0 = Debug|Any CPU
		{91177C6B-C6CD-443C-A795-DF7D4559A849}.Release|Any CPU.ActiveCfg = Release|Any CPU
		{91177C6B-C6CD-443C-A795-DF7D4559A849}.Release|Any CPU.Build.0 = Release|Any CPU
		{91177C6B-C6CD-443C-A795-DF7D4559A849}.Release|x64.ActiveCfg = Release|Any CPU
		{91177C6B-C6CD-443C-A795-DF7D4559A849}.Release|x64.Build.0 = Release|Any CPU
		{91177C6B-C6CD-443C-A795-DF7D4559A849}.Release|x86.ActiveCfg = Release|Any CPU
		{91177C6B-C6CD-443C-A795-DF7D4559A849}.Release|x86.Build.0 = Release|Any CPU
		{7DB003F3-339F-4188-8D4C-9CD7BD318279}.Debug|Any CPU.ActiveCfg = Debug|Any CPU
		{7DB003F3-339F-4188-8D4C-9CD7BD318279}.Debug|Any CPU.Build.0 = Debug|Any CPU
		{7DB003F3-339F-4188-8D4C-9CD7BD318279}.Debug|x64.ActiveCfg = Debug|Any CPU
		{7DB003F3-339F-4188-8D4C-9CD7BD318279}.Debug|x64.Build.0 = Debug|Any CPU
		{7DB003F3-339F-4188-8D4C-9CD7BD318279}.Debug|x86.ActiveCfg = Debug|Any CPU
		{7DB003F3-339F-4188-8D4C-9CD7BD318279}.Debug|x86.Build.0 = Debug|Any CPU
		{7DB003F3-339F-4188-8D4C-9CD7BD318279}.Release|Any CPU.ActiveCfg = Release|Any CPU
		{7DB003F3-339F-4188-8D4C-9CD7BD318279}.Release|Any CPU.Build.0 = Release|Any CPU
		{7DB003F3-339F-4188-8D4C-9CD7BD318279}.Release|x64.ActiveCfg = Release|Any CPU
		{7DB003F3-339F-4188-8D4C-9CD7BD318279}.Release|x64.Build.0 = Release|Any CPU
		{7DB003F3-339F-4188-8D4C-9CD7BD318279}.Release|x86.ActiveCfg = Release|Any CPU
		{7DB003F3-339F-4188-8D4C-9CD7BD318279}.Release|x86.Build.0 = Release|Any CPU
		{90416FF0-8057-4387-85BA-5703C4EF5300}.Debug|Any CPU.ActiveCfg = Debug|Any CPU
		{90416FF0-8057-4387-85BA-5703C4EF5300}.Debug|Any CPU.Build.0 = Debug|Any CPU
		{90416FF0-8057-4387-85BA-5703C4EF5300}.Debug|x64.ActiveCfg = Debug|Any CPU
		{90416FF0-8057-4387-85BA-5703C4EF5300}.Debug|x64.Build.0 = Debug|Any CPU
		{90416FF0-8057-4387-85BA-5703C4EF5300}.Debug|x86.ActiveCfg = Debug|Any CPU
		{90416FF0-8057-4387-85BA-5703C4EF5300}.Debug|x86.Build.0 = Debug|Any CPU
		{90416FF0-8057-4387-85BA-5703C4EF5300}.Release|Any CPU.ActiveCfg = Release|Any CPU
		{90416FF0-8057-4387-85BA-5703C4EF5300}.Release|Any CPU.Build.0 = Release|Any CPU
		{90416FF0-8057-4387-85BA-5703C4EF5300}.Release|x64.ActiveCfg = Release|Any CPU
		{90416FF0-8057-4387-85BA-5703C4EF5300}.Release|x64.Build.0 = Release|Any CPU
		{90416FF0-8057-4387-85BA-5703C4EF5300}.Release|x86.ActiveCfg = Release|Any CPU
		{90416FF0-8057-4387-85BA-5703C4EF5300}.Release|x86.Build.0 = Release|Any CPU
	EndGlobalSection
	GlobalSection(SolutionProperties) = preSolution
		HideSolutionNode = FALSE
	EndGlobalSection
	GlobalSection(NestedProjects) = preSolution
		{FB3E771B-B2B7-4A0B-93F7-2176CCB2B9D6} = {02EA681E-C7D8-13C7-8484-4AC65E1B71E8}
		{D54B7719-54F3-4965-9067-CE3D65747B57} = {9C98DDA5-6A33-47DA-B6FD-9379F3FB8284}
		{7DB003F3-339F-4188-8D4C-9CD7BD318279} = {02EA681E-C7D8-13C7-8484-4AC65E1B71E8}
		{90416FF0-8057-4387-85BA-5703C4EF5300} = {0AB3BF05-4346-4AA6-1389-037BE0695223}
	EndGlobalSection
	GlobalSection(ExtensibilityGlobals) = postSolution
		SolutionGuid = {BC5880D3-6B21-46B2-A12F-E66188623439}
	EndGlobalSection
EndGlobal
